
Microsoft Visual Studio Solution File, Format Version 12.00
# Visual Studio Version 16
VisualStudioVersion = 16.0.30104.148
MinimumVisualStudioVersion = 10.0.40219.1
Project("{9A19103F-16F7-4668-BE54-9A1E7A4F7556}") = "Proj", "Proj.csproj", "{65E7DE21-F2F8-49D2-82A0-8416E7942737}"
EndProject
Global
	GlobalSection(SolutionConfigurationPlatforms) = preSolution
		Debug|Any CPU = Debug|Any CPU
		Release|Any CPU = Release|Any CPU
	EndGlobalSection
	GlobalSection(ProjectConfigurationPlatforms) = postSolution
		{65E7DE21-F2F8-49D2-82A0-8416E7942737}.Debug|Any CPU.ActiveCfg = Debug|Any CPU
		{65E7DE21-F2F8-49D2-82A0-8416E7942737}.Debug|Any CPU.Build.0 = Debug|Any CPU
		{65E7DE21-F2F8-49D2-82A0-8416E7942737}.Release|Any CPU.ActiveCfg = Release|Any CPU
		{65E7DE21-F2F8-49D2-82A0-8416E7942737}.Release|Any CPU.Build.0 = Release|Any CPU
	EndGlobalSection
	GlobalSection(SolutionProperties) = preSolution
		HideSolutionNode = FALSE
	EndGlobalSection
	GlobalSection(ExtensibilityGlobals) = postSolution
		SolutionGuid = {676A2E85-B368-4D9A-B0E2-933B022D561C}
	EndGlobalSection
EndGlobal
